
Microsoft Visual Studio Solution File, Format Version 12.00
# Visual Studio Version 17
VisualStudioVersion = 17.7.34221.43
MinimumVisualStudioVersion = 10.0.40219.1
Project("{9A19103F-16F7-4668-BE54-9A1E7A4F7556}") = "AbstractsInterfaces", "AbstractsInterfaces\AbstractsInterfaces.csproj", "{5A080454-83EF-4728-BCF7-3E136DD1503E}"
EndProject
Project("{9A19103F-16F7-4668-BE54-9A1E7A4F7556}") = "DocumentsAccount", "..\DocumentsAccount\DocumentsAccount\DocumentsAccount.csproj", "{CA8B31D7-444A-4815-A246-1BB4A20903C6}"
EndProject
Global
	GlobalSection(SolutionConfigurationPlatforms) = preSolution
		Debug|Any CPU = Debug|Any CPU
		Release|Any CPU = Release|Any CPU
	EndGlobalSection
	GlobalSection(ProjectConfigurationPlatforms) = postSolution
		{5A080454-83EF-4728-BCF7-3E136DD1503E}.Debug|Any CPU.ActiveCfg = Debug|Any CPU
		{5A080454-83EF-4728-BCF7-3E136DD1503E}.Debug|Any CPU.Build.0 = Debug|Any CPU
		{5A080454-83EF-4728-BCF7-3E136DD1503E}.Release|Any CPU.ActiveCfg = Release|Any CPU
		{5A080454-83EF-4728-BCF7-3E136DD1503E}.Release|Any CPU.Build.0 = Release|Any CPU
		{CA8B31D7-444A-4815-A246-1BB4A20903C6}.Debug|Any CPU.ActiveCfg = Debug|Any CPU
		{CA8B31D7-444A-4815-A246-1BB4A20903C6}.Debug|Any CPU.Build.0 = Debug|Any CPU
		{CA8B31D7-444A-4815-A246-1BB4A20903C6}.Release|Any CPU.ActiveCfg = Release|Any CPU
		{CA8B31D7-444A-4815-A246-1BB4A20903C6}.Release|Any CPU.Build.0 = Release|Any CPU
	EndGlobalSection
	GlobalSection(SolutionProperties) = preSolution
		HideSolutionNode = FALSE
	EndGlobalSection
	GlobalSection(ExtensibilityGlobals) = postSolution
		SolutionGuid = {9D83B50D-D091-43C9-A348-1D1141AB3BD0}
	EndGlobalSection
EndGlobal
