
Microsoft Visual Studio Solution File, Format Version 12.00
# Visual Studio Version 17
VisualStudioVersion = 17.7.34221.43
MinimumVisualStudioVersion = 10.0.40219.1
Project("{9A19103F-16F7-4668-BE54-9A1E7A4F7556}") = "SpecFlowTestProject2", "SpecFlowTestProject2\SpecFlowTestProject2.csproj", "{D02927B3-D175-4E16-BC45-D8A1880C726F}"
EndProject
Project("{FAE04EC0-301F-11D3-BF4B-00C04F79EFBC}") = "AdvancedSpecFlowProject2", "AdvancedSpecFlowProject2\AdvancedSpecFlowProject2.csproj", "{8922507C-40D6-40BA-853B-0E6D1C733255}"
EndProject
Project("{FAE04EC0-301F-11D3-BF4B-00C04F79EFBC}") = "CoreProject", "CoreProject\CoreProject.csproj", "{15A1E94D-F21E-463B-917F-DE3A3721951C}"
EndProject
Global
	GlobalSection(SolutionConfigurationPlatforms) = preSolution
		Debug|Any CPU = Debug|Any CPU
		Release|Any CPU = Release|Any CPU
	EndGlobalSection
	GlobalSection(ProjectConfigurationPlatforms) = postSolution
		{D02927B3-D175-4E16-BC45-D8A1880C726F}.Debug|Any CPU.ActiveCfg = Debug|Any CPU
		{D02927B3-D175-4E16-BC45-D8A1880C726F}.Debug|Any CPU.Build.0 = Debug|Any CPU
		{D02927B3-D175-4E16-BC45-D8A1880C726F}.Release|Any CPU.ActiveCfg = Release|Any CPU
		{D02927B3-D175-4E16-BC45-D8A1880C726F}.Release|Any CPU.Build.0 = Release|Any CPU
		{8922507C-40D6-40BA-853B-0E6D1C733255}.Debug|Any CPU.ActiveCfg = Debug|Any CPU
		{8922507C-40D6-40BA-853B-0E6D1C733255}.Debug|Any CPU.Build.0 = Debug|Any CPU
		{8922507C-40D6-40BA-853B-0E6D1C733255}.Release|Any CPU.ActiveCfg = Release|Any CPU
		{8922507C-40D6-40BA-853B-0E6D1C733255}.Release|Any CPU.Build.0 = Release|Any CPU
		{15A1E94D-F21E-463B-917F-DE3A3721951C}.Debug|Any CPU.ActiveCfg = Debug|Any CPU
		{15A1E94D-F21E-463B-917F-DE3A3721951C}.Debug|Any CPU.Build.0 = Debug|Any CPU
		{15A1E94D-F21E-463B-917F-DE3A3721951C}.Release|Any CPU.ActiveCfg = Release|Any CPU
		{15A1E94D-F21E-463B-917F-DE3A3721951C}.Release|Any CPU.Build.0 = Release|Any CPU
	EndGlobalSection
	GlobalSection(SolutionProperties) = preSolution
		HideSolutionNode = FALSE
	EndGlobalSection
	GlobalSection(ExtensibilityGlobals) = postSolution
		SolutionGuid = {9D83B50D-D091-43C9-A348-1D1141AB3BD0}
	EndGlobalSection
EndGlobal
